
Microsoft Visual Studio Solution File, Format Version 10.00
# Visual C++ Express 2008
Project("{8BC9CEB8-8B4A-11D0-8D11-00A0C91BC942}") = "MiniBall", "..\3rdparty\MiniBall\MiniBall.vcproj", "{7091077F-89DB-4A05-B023-6E1237385E10}"
EndProject
Project("{8BC9CEB8-8B4A-11D0-8D11-00A0C91BC942}") = "tinyxml", "..\3rdparty\tinyxml\tinyxml_lib.vcproj", "{4EBE4451-3945-4F1C-9603-EA688D9FEA73}"
EndProject
Project("{8BC9CEB8-8B4A-11D0-8D11-00A0C91BC942}") = "zlib", "..\3rdparty\zlib-1.2.3\projects\visualc6\zlib.vcproj", "{B8085602-C97F-4754-ABCE-D9FAA60DAD83}"
EndProject
Global
	GlobalSection(SolutionConfigurationPlatforms) = preSolution
		Debug|Win32 = Debug|Win32
		DLL ASM Debug|Win32 = DLL ASM Debug|Win32
		DLL ASM Release|Win32 = DLL ASM Release|Win32
		DLL Debug|Win32 = DLL Debug|Win32
		DLL Release|Win32 = DLL Release|Win32
		LIB ASM Debug|Win32 = LIB ASM Debug|Win32
		LIB ASM Release|Win32 = LIB ASM Release|Win32
		LIB Debug|Win32 = LIB Debug|Win32
		LIB Release|Win32 = LIB Release|Win32
		Release|Win32 = Release|Win32
	EndGlobalSection
	GlobalSection(ProjectConfigurationPlatforms) = postSolution
		{7091077F-89DB-4A05-B023-6E1237385E10}.Debug|Win32.ActiveCfg = Debug|Win32
		{7091077F-89DB-4A05-B023-6E1237385E10}.Debug|Win32.Build.0 = Debug|Win32
		{7091077F-89DB-4A05-B023-6E1237385E10}.DLL ASM Debug|Win32.ActiveCfg = Debug|Win32
		{7091077F-89DB-4A05-B023-6E1237385E10}.DLL ASM Debug|Win32.Build.0 = Debug|Win32
		{7091077F-89DB-4A05-B023-6E1237385E10}.DLL ASM Release|Win32.ActiveCfg = Release|Win32
		{7091077F-89DB-4A05-B023-6E1237385E10}.DLL ASM Release|Win32.Build.0 = Release|Win32
		{7091077F-89DB-4A05-B023-6E1237385E10}.DLL Debug|Win32.ActiveCfg = Debug|Win32
		{7091077F-89DB-4A05-B023-6E1237385E10}.DLL Debug|Win32.Build.0 = Debug|Win32
		{7091077F-89DB-4A05-B023-6E1237385E10}.DLL Release|Win32.ActiveCfg = Release|Win32
		{7091077F-89DB-4A05-B023-6E1237385E10}.DLL Release|Win32.Build.0 = Release|Win32
		{7091077F-89DB-4A05-B023-6E1237385E10}.LIB ASM Debug|Win32.ActiveCfg = Debug|Win32
		{7091077F-89DB-4A05-B023-6E1237385E10}.LIB ASM Debug|Win32.Build.0 = Debug|Win32
		{7091077F-89DB-4A05-B023-6E1237385E10}.LIB ASM Release|Win32.ActiveCfg = Release|Win32
		{7091077F-89DB-4A05-B023-6E1237385E10}.LIB ASM Release|Win32.Build.0 = Release|Win32
		{7091077F-89DB-4A05-B023-6E1237385E10}.LIB Debug|Win32.ActiveCfg = Debug|Win32
		{7091077F-89DB-4A05-B023-6E1237385E10}.LIB Debug|Win32.Build.0 = Debug|Win32
		{7091077F-89DB-4A05-B023-6E1237385E10}.LIB Release|Win32.ActiveCfg = Release|Win32
		{7091077F-89DB-4A05-B023-6E1237385E10}.LIB Release|Win32.Build.0 = Release|Win32
		{7091077F-89DB-4A05-B023-6E1237385E10}.Release|Win32.ActiveCfg = Release|Win32
		{7091077F-89DB-4A05-B023-6E1237385E10}.Release|Win32.Build.0 = Release|Win32
		{4EBE4451-3945-4F1C-9603-EA688D9FEA73}.Debug|Win32.ActiveCfg = Debug|Win32
		{4EBE4451-3945-4F1C-9603-EA688D9FEA73}.Debug|Win32.Build.0 = Debug|Win32
		{4EBE4451-3945-4F1C-9603-EA688D9FEA73}.DLL ASM Debug|Win32.ActiveCfg = Debug|Win32
		{4EBE4451-3945-4F1C-9603-EA688D9FEA73}.DLL ASM Debug|Win32.Build.0 = Debug|Win32
		{4EBE4451-3945-4F1C-9603-EA688D9FEA73}.DLL ASM Release|Win32.ActiveCfg = Release|Win32
		{4EBE4451-3945-4F1C-9603-EA688D9FEA73}.DLL ASM Release|Win32.Build.0 = Release|Win32
		{4EBE4451-3945-4F1C-9603-EA688D9FEA73}.DLL Debug|Win32.ActiveCfg = Debug|Win32
		{4EBE4451-3945-4F1C-9603-EA688D9FEA73}.DLL Debug|Win32.Build.0 = Debug|Win32
		{4EBE4451-3945-4F1C-9603-EA688D9FEA73}.DLL Release|Win32.ActiveCfg = Release|Win32
		{4EBE4451-3945-4F1C-9603-EA688D9FEA73}.DLL Release|Win32.Build.0 = Release|Win32
		{4EBE4451-3945-4F1C-9603-EA688D9FEA73}.LIB ASM Debug|Win32.ActiveCfg = Debug|Win32
		{4EBE4451-3945-4F1C-9603-EA688D9FEA73}.LIB ASM Debug|Win32.Build.0 = Debug|Win32
		{4EBE4451-3945-4F1C-9603-EA688D9FEA73}.LIB ASM Release|Win32.ActiveCfg = Release|Win32
		{4EBE4451-3945-4F1C-9603-EA688D9FEA73}.LIB ASM Release|Win32.Build.0 = Release|Win32
		{4EBE4451-3945-4F1C-9603-EA688D9FEA73}.LIB Debug|Win32.ActiveCfg = Debug|Win32
		{4EBE4451-3945-4F1C-9603-EA688D9FEA73}.LIB Debug|Win32.Build.0 = Debug|Win32
		{4EBE4451-3945-4F1C-9603-EA688D9FEA73}.LIB Release|Win32.ActiveCfg = Release|Win32
		{4EBE4451-3945-4F1C-9603-EA688D9FEA73}.LIB Release|Win32.Build.0 = Release|Win32
		{4EBE4451-3945-4F1C-9603-EA688D9FEA73}.Release|Win32.ActiveCfg = Release|Win32
		{4EBE4451-3945-4F1C-9603-EA688D9FEA73}.Release|Win32.Build.0 = Release|Win32
		{B8085602-C97F-4754-ABCE-D9FAA60DAD83}.Debug|Win32.ActiveCfg = LIB Debug|Win32
		{B8085602-C97F-4754-ABCE-D9FAA60DAD83}.Debug|Win32.Build.0 = LIB Debug|Win32
		{B8085602-C97F-4754-ABCE-D9FAA60DAD83}.DLL ASM Debug|Win32.ActiveCfg = DLL ASM Debug|Win32
		{B8085602-C97F-4754-ABCE-D9FAA60DAD83}.DLL ASM Debug|Win32.Build.0 = DLL ASM Debug|Win32
		{B8085602-C97F-4754-ABCE-D9FAA60DAD83}.DLL ASM Release|Win32.ActiveCfg = DLL ASM Release|Win32
		{B8085602-C97F-4754-ABCE-D9FAA60DAD83}.DLL ASM Release|Win32.Build.0 = DLL ASM Release|Win32
		{B8085602-C97F-4754-ABCE-D9FAA60DAD83}.DLL Debug|Win32.ActiveCfg = DLL Debug|Win32
		{B8085602-C97F-4754-ABCE-D9FAA60DAD83}.DLL Debug|Win32.Build.0 = DLL Debug|Win32
		{B8085602-C97F-4754-ABCE-D9FAA60DAD83}.DLL Release|Win32.ActiveCfg = DLL Release|Win32
		{B8085602-C97F-4754-ABCE-D9FAA60DAD83}.DLL Release|Win32.Build.0 = DLL Release|Win32
		{B8085602-C97F-4754-ABCE-D9FAA60DAD83}.LIB ASM Debug|Win32.ActiveCfg = LIB ASM Debug|Win32
		{B8085602-C97F-4754-ABCE-D9FAA60DAD83}.LIB ASM Debug|Win32.Build.0 = LIB ASM Debug|Win32
		{B8085602-C97F-4754-ABCE-D9FAA60DAD83}.LIB ASM Release|Win32.ActiveCfg = LIB ASM Release|Win32
		{B8085602-C97F-4754-ABCE-D9FAA60DAD83}.LIB ASM Release|Win32.Build.0 = LIB ASM Release|Win32
		{B8085602-C97F-4754-ABCE-D9FAA60DAD83}.LIB Debug|Win32.ActiveCfg = LIB Debug|Win32
		{B8085602-C97F-4754-ABCE-D9FAA60DAD83}.LIB Debug|Win32.Build.0 = LIB Debug|Win32
		{B8085602-C97F-4754-ABCE-D9FAA60DAD83}.LIB Release|Win32.ActiveCfg = LIB Release|Win32
		{B8085602-C97F-4754-ABCE-D9FAA60DAD83}.LIB Release|Win32.Build.0 = LIB Release|Win32
		{B8085602-C97F-4754-ABCE-D9FAA60DAD83}.Release|Win32.ActiveCfg = LIB Release|Win32
		{B8085602-C97F-4754-ABCE-D9FAA60DAD83}.Release|Win32.Build.0 = LIB Release|Win32
	EndGlobalSection
	GlobalSection(SolutionProperties) = preSolution
		HideSolutionNode = FALSE
	EndGlobalSection
EndGlobal
