
Microsoft Visual Studio Solution File, Format Version 10.00
# Visual C++ Express 2008
Project("{8BC9CEB8-8B4A-11D0-8D11-00A0C91BC942}") = "TestUnit", "testunit\TestUnit.vcproj", "{E2D02EA1-0A8D-43B8-9AC1-7BD8576C5CF3}"
	ProjectSection(ProjectDependencies) = postProject
		{B8DE5508-AA70-46A8-A2AB-944AA1ECEFC0} = {B8DE5508-AA70-46A8-A2AB-944AA1ECEFC0}
		{F49F6D0F-FE0E-4C60-9203-46A66219F28B} = {F49F6D0F-FE0E-4C60-9203-46A66219F28B}
		{C982F13C-B618-4C49-ACE5-303D83B8DED4} = {C982F13C-B618-4C49-ACE5-303D83B8DED4}
		{B9AFAB64-6AF7-48E3-8C96-2273F8602FBF} = {B9AFAB64-6AF7-48E3-8C96-2273F8602FBF}
		{B2D59580-8299-46AA-A1C3-E34B3EA483AA} = {B2D59580-8299-46AA-A1C3-E34B3EA483AA}
	EndProjectSection
EndProject
Project("{8BC9CEB8-8B4A-11D0-8D11-00A0C91BC942}") = "libbase", "libbase\libbase.vcproj", "{B8DE5508-AA70-46A8-A2AB-944AA1ECEFC0}"
EndProject
Project("{8BC9CEB8-8B4A-11D0-8D11-00A0C91BC942}") = "libplatform", "libplatform\libplatform.vcproj", "{C982F13C-B618-4C49-ACE5-303D83B8DED4}"
EndProject
Project("{8BC9CEB8-8B4A-11D0-8D11-00A0C91BC942}") = "librender", "librender\librender.vcproj", "{F49F6D0F-FE0E-4C60-9203-46A66219F28B}"
EndProject
Project("{8BC9CEB8-8B4A-11D0-8D11-00A0C91BC942}") = "libworld", "libworld\libworld.vcproj", "{B9AFAB64-6AF7-48E3-8C96-2273F8602FBF}"
EndProject
Project("{8BC9CEB8-8B4A-11D0-8D11-00A0C91BC942}") = "libgame", "libgame\libgame.vcproj", "{B2D59580-8299-46AA-A1C3-E34B3EA483AA}"
EndProject
Project("{8BC9CEB8-8B4A-11D0-8D11-00A0C91BC942}") = "therush", "therush\therush.vcproj", "{9FD8A86B-99FA-4895-9408-37BFE940A3B8}"
	ProjectSection(ProjectDependencies) = postProject
		{B8DE5508-AA70-46A8-A2AB-944AA1ECEFC0} = {B8DE5508-AA70-46A8-A2AB-944AA1ECEFC0}
		{F49F6D0F-FE0E-4C60-9203-46A66219F28B} = {F49F6D0F-FE0E-4C60-9203-46A66219F28B}
		{C982F13C-B618-4C49-ACE5-303D83B8DED4} = {C982F13C-B618-4C49-ACE5-303D83B8DED4}
		{B9AFAB64-6AF7-48E3-8C96-2273F8602FBF} = {B9AFAB64-6AF7-48E3-8C96-2273F8602FBF}
		{B2D59580-8299-46AA-A1C3-E34B3EA483AA} = {B2D59580-8299-46AA-A1C3-E34B3EA483AA}
	EndProjectSection
EndProject
Project("{8BC9CEB8-8B4A-11D0-8D11-00A0C91BC942}") = "LibEdit", "LibEdit\LibEdit.vcproj", "{2A4496E5-ED62-4A46-A17F-200E61B09977}"
EndProject
Project("{8BC9CEB8-8B4A-11D0-8D11-00A0C91BC942}") = "Rushed", "Rushed\rushed.vcproj", "{E18C2D37-239B-406B-B2B7-6A1F6435F512}"
	ProjectSection(ProjectDependencies) = postProject
		{B8DE5508-AA70-46A8-A2AB-944AA1ECEFC0} = {B8DE5508-AA70-46A8-A2AB-944AA1ECEFC0}
		{F49F6D0F-FE0E-4C60-9203-46A66219F28B} = {F49F6D0F-FE0E-4C60-9203-46A66219F28B}
		{C982F13C-B618-4C49-ACE5-303D83B8DED4} = {C982F13C-B618-4C49-ACE5-303D83B8DED4}
		{B9AFAB64-6AF7-48E3-8C96-2273F8602FBF} = {B9AFAB64-6AF7-48E3-8C96-2273F8602FBF}
		{B2D59580-8299-46AA-A1C3-E34B3EA483AA} = {B2D59580-8299-46AA-A1C3-E34B3EA483AA}
		{2A4496E5-ED62-4A46-A17F-200E61B09977} = {2A4496E5-ED62-4A46-A17F-200E61B09977}
	EndProjectSection
EndProject
Global
	GlobalSection(SolutionConfigurationPlatforms) = preSolution
		Debug|Win32 = Debug|Win32
		DLL Debug|Win32 = DLL Debug|Win32
		DLL Release|Win32 = DLL Release|Win32
		DLL Unicode Debug|Win32 = DLL Unicode Debug|Win32
		DLL Unicode Release|Win32 = DLL Unicode Release|Win32
		DLL Universal Debug|Win32 = DLL Universal Debug|Win32
		DLL Universal Release|Win32 = DLL Universal Release|Win32
		DLL Universal Unicode Debug|Win32 = DLL Universal Unicode Debug|Win32
		DLL Universal Unicode Release|Win32 = DLL Universal Unicode Release|Win32
		Release|Win32 = Release|Win32
		Unicode Debug|Win32 = Unicode Debug|Win32
		Unicode Release|Win32 = Unicode Release|Win32
		Universal Debug|Win32 = Universal Debug|Win32
		Universal Release|Win32 = Universal Release|Win32
		Universal Unicode Debug|Win32 = Universal Unicode Debug|Win32
		Universal Unicode Release|Win32 = Universal Unicode Release|Win32
	EndGlobalSection
	GlobalSection(ProjectConfigurationPlatforms) = postSolution
		{E2D02EA1-0A8D-43B8-9AC1-7BD8576C5CF3}.Debug|Win32.ActiveCfg = Debug|Win32
		{E2D02EA1-0A8D-43B8-9AC1-7BD8576C5CF3}.Debug|Win32.Build.0 = Debug|Win32
		{E2D02EA1-0A8D-43B8-9AC1-7BD8576C5CF3}.DLL Debug|Win32.ActiveCfg = Debug|Win32
		{E2D02EA1-0A8D-43B8-9AC1-7BD8576C5CF3}.DLL Debug|Win32.Build.0 = Debug|Win32
		{E2D02EA1-0A8D-43B8-9AC1-7BD8576C5CF3}.DLL Release|Win32.ActiveCfg = Release|Win32
		{E2D02EA1-0A8D-43B8-9AC1-7BD8576C5CF3}.DLL Release|Win32.Build.0 = Release|Win32
		{E2D02EA1-0A8D-43B8-9AC1-7BD8576C5CF3}.DLL Unicode Debug|Win32.ActiveCfg = Debug|Win32
		{E2D02EA1-0A8D-43B8-9AC1-7BD8576C5CF3}.DLL Unicode Debug|Win32.Build.0 = Debug|Win32
		{E2D02EA1-0A8D-43B8-9AC1-7BD8576C5CF3}.DLL Unicode Release|Win32.ActiveCfg = Release|Win32
		{E2D02EA1-0A8D-43B8-9AC1-7BD8576C5CF3}.DLL Unicode Release|Win32.Build.0 = Release|Win32
		{E2D02EA1-0A8D-43B8-9AC1-7BD8576C5CF3}.DLL Universal Debug|Win32.ActiveCfg = Debug|Win32
		{E2D02EA1-0A8D-43B8-9AC1-7BD8576C5CF3}.DLL Universal Debug|Win32.Build.0 = Debug|Win32
		{E2D02EA1-0A8D-43B8-9AC1-7BD8576C5CF3}.DLL Universal Release|Win32.ActiveCfg = Release|Win32
		{E2D02EA1-0A8D-43B8-9AC1-7BD8576C5CF3}.DLL Universal Release|Win32.Build.0 = Release|Win32
		{E2D02EA1-0A8D-43B8-9AC1-7BD8576C5CF3}.DLL Universal Unicode Debug|Win32.ActiveCfg = Debug|Win32
		{E2D02EA1-0A8D-43B8-9AC1-7BD8576C5CF3}.DLL Universal Unicode Debug|Win32.Build.0 = Debug|Win32
		{E2D02EA1-0A8D-43B8-9AC1-7BD8576C5CF3}.DLL Universal Unicode Release|Win32.ActiveCfg = Release|Win32
		{E2D02EA1-0A8D-43B8-9AC1-7BD8576C5CF3}.DLL Universal Unicode Release|Win32.Build.0 = Release|Win32
		{E2D02EA1-0A8D-43B8-9AC1-7BD8576C5CF3}.Release|Win32.ActiveCfg = Release|Win32
		{E2D02EA1-0A8D-43B8-9AC1-7BD8576C5CF3}.Release|Win32.Build.0 = Release|Win32
		{E2D02EA1-0A8D-43B8-9AC1-7BD8576C5CF3}.Unicode Debug|Win32.ActiveCfg = Debug|Win32
		{E2D02EA1-0A8D-43B8-9AC1-7BD8576C5CF3}.Unicode Debug|Win32.Build.0 = Debug|Win32
		{E2D02EA1-0A8D-43B8-9AC1-7BD8576C5CF3}.Unicode Release|Win32.ActiveCfg = Release|Win32
		{E2D02EA1-0A8D-43B8-9AC1-7BD8576C5CF3}.Unicode Release|Win32.Build.0 = Release|Win32
		{E2D02EA1-0A8D-43B8-9AC1-7BD8576C5CF3}.Universal Debug|Win32.ActiveCfg = Debug|Win32
		{E2D02EA1-0A8D-43B8-9AC1-7BD8576C5CF3}.Universal Debug|Win32.Build.0 = Debug|Win32
		{E2D02EA1-0A8D-43B8-9AC1-7BD8576C5CF3}.Universal Release|Win32.ActiveCfg = Release|Win32
		{E2D02EA1-0A8D-43B8-9AC1-7BD8576C5CF3}.Universal Release|Win32.Build.0 = Release|Win32
		{E2D02EA1-0A8D-43B8-9AC1-7BD8576C5CF3}.Universal Unicode Debug|Win32.ActiveCfg = Debug|Win32
		{E2D02EA1-0A8D-43B8-9AC1-7BD8576C5CF3}.Universal Unicode Debug|Win32.Build.0 = Debug|Win32
		{E2D02EA1-0A8D-43B8-9AC1-7BD8576C5CF3}.Universal Unicode Release|Win32.ActiveCfg = Release|Win32
		{E2D02EA1-0A8D-43B8-9AC1-7BD8576C5CF3}.Universal Unicode Release|Win32.Build.0 = Release|Win32
		{B8DE5508-AA70-46A8-A2AB-944AA1ECEFC0}.Debug|Win32.ActiveCfg = Debug|Win32
		{B8DE5508-AA70-46A8-A2AB-944AA1ECEFC0}.Debug|Win32.Build.0 = Debug|Win32
		{B8DE5508-AA70-46A8-A2AB-944AA1ECEFC0}.DLL Debug|Win32.ActiveCfg = Debug|Win32
		{B8DE5508-AA70-46A8-A2AB-944AA1ECEFC0}.DLL Debug|Win32.Build.0 = Debug|Win32
		{B8DE5508-AA70-46A8-A2AB-944AA1ECEFC0}.DLL Release|Win32.ActiveCfg = Release|Win32
		{B8DE5508-AA70-46A8-A2AB-944AA1ECEFC0}.DLL Release|Win32.Build.0 = Release|Win32
		{B8DE5508-AA70-46A8-A2AB-944AA1ECEFC0}.DLL Unicode Debug|Win32.ActiveCfg = Debug|Win32
		{B8DE5508-AA70-46A8-A2AB-944AA1ECEFC0}.DLL Unicode Debug|Win32.Build.0 = Debug|Win32
		{B8DE5508-AA70-46A8-A2AB-944AA1ECEFC0}.DLL Unicode Release|Win32.ActiveCfg = Release|Win32
		{B8DE5508-AA70-46A8-A2AB-944AA1ECEFC0}.DLL Unicode Release|Win32.Build.0 = Release|Win32
		{B8DE5508-AA70-46A8-A2AB-944AA1ECEFC0}.DLL Universal Debug|Win32.ActiveCfg = Debug|Win32
		{B8DE5508-AA70-46A8-A2AB-944AA1ECEFC0}.DLL Universal Debug|Win32.Build.0 = Debug|Win32
		{B8DE5508-AA70-46A8-A2AB-944AA1ECEFC0}.DLL Universal Release|Win32.ActiveCfg = Release|Win32
		{B8DE5508-AA70-46A8-A2AB-944AA1ECEFC0}.DLL Universal Release|Win32.Build.0 = Release|Win32
		{B8DE5508-AA70-46A8-A2AB-944AA1ECEFC0}.DLL Universal Unicode Debug|Win32.ActiveCfg = Debug|Win32
		{B8DE5508-AA70-46A8-A2AB-944AA1ECEFC0}.DLL Universal Unicode Debug|Win32.Build.0 = Debug|Win32
		{B8DE5508-AA70-46A8-A2AB-944AA1ECEFC0}.DLL Universal Unicode Release|Win32.ActiveCfg = Release|Win32
		{B8DE5508-AA70-46A8-A2AB-944AA1ECEFC0}.DLL Universal Unicode Release|Win32.Build.0 = Release|Win32
		{B8DE5508-AA70-46A8-A2AB-944AA1ECEFC0}.Release|Win32.ActiveCfg = Release|Win32
		{B8DE5508-AA70-46A8-A2AB-944AA1ECEFC0}.Release|Win32.Build.0 = Release|Win32
		{B8DE5508-AA70-46A8-A2AB-944AA1ECEFC0}.Unicode Debug|Win32.ActiveCfg = Debug|Win32
		{B8DE5508-AA70-46A8-A2AB-944AA1ECEFC0}.Unicode Debug|Win32.Build.0 = Debug|Win32
		{B8DE5508-AA70-46A8-A2AB-944AA1ECEFC0}.Unicode Release|Win32.ActiveCfg = Release|Win32
		{B8DE5508-AA70-46A8-A2AB-944AA1ECEFC0}.Unicode Release|Win32.Build.0 = Release|Win32
		{B8DE5508-AA70-46A8-A2AB-944AA1ECEFC0}.Universal Debug|Win32.ActiveCfg = Debug|Win32
		{B8DE5508-AA70-46A8-A2AB-944AA1ECEFC0}.Universal Debug|Win32.Build.0 = Debug|Win32
		{B8DE5508-AA70-46A8-A2AB-944AA1ECEFC0}.Universal Release|Win32.ActiveCfg = Release|Win32
		{B8DE5508-AA70-46A8-A2AB-944AA1ECEFC0}.Universal Release|Win32.Build.0 = Release|Win32
		{B8DE5508-AA70-46A8-A2AB-944AA1ECEFC0}.Universal Unicode Debug|Win32.ActiveCfg = Debug|Win32
		{B8DE5508-AA70-46A8-A2AB-944AA1ECEFC0}.Universal Unicode Debug|Win32.Build.0 = Debug|Win32
		{B8DE5508-AA70-46A8-A2AB-944AA1ECEFC0}.Universal Unicode Release|Win32.ActiveCfg = Release|Win32
		{B8DE5508-AA70-46A8-A2AB-944AA1ECEFC0}.Universal Unicode Release|Win32.Build.0 = Release|Win32
		{C982F13C-B618-4C49-ACE5-303D83B8DED4}.Debug|Win32.ActiveCfg = Debug|Win32
		{C982F13C-B618-4C49-ACE5-303D83B8DED4}.Debug|Win32.Build.0 = Debug|Win32
		{C982F13C-B618-4C49-ACE5-303D83B8DED4}.DLL Debug|Win32.ActiveCfg = Debug|Win32
		{C982F13C-B618-4C49-ACE5-303D83B8DED4}.DLL Debug|Win32.Build.0 = Debug|Win32
		{C982F13C-B618-4C49-ACE5-303D83B8DED4}.DLL Release|Win32.ActiveCfg = Release|Win32
		{C982F13C-B618-4C49-ACE5-303D83B8DED4}.DLL Release|Win32.Build.0 = Release|Win32
		{C982F13C-B618-4C49-ACE5-303D83B8DED4}.DLL Unicode Debug|Win32.ActiveCfg = Debug|Win32
		{C982F13C-B618-4C49-ACE5-303D83B8DED4}.DLL Unicode Debug|Win32.Build.0 = Debug|Win32
		{C982F13C-B618-4C49-ACE5-303D83B8DED4}.DLL Unicode Release|Win32.ActiveCfg = Release|Win32
		{C982F13C-B618-4C49-ACE5-303D83B8DED4}.DLL Unicode Release|Win32.Build.0 = Release|Win32
		{C982F13C-B618-4C49-ACE5-303D83B8DED4}.DLL Universal Debug|Win32.ActiveCfg = Debug|Win32
		{C982F13C-B618-4C49-ACE5-303D83B8DED4}.DLL Universal Debug|Win32.Build.0 = Debug|Win32
		{C982F13C-B618-4C49-ACE5-303D83B8DED4}.DLL Universal Release|Win32.ActiveCfg = Release|Win32
		{C982F13C-B618-4C49-ACE5-303D83B8DED4}.DLL Universal Release|Win32.Build.0 = Release|Win32
		{C982F13C-B618-4C49-ACE5-303D83B8DED4}.DLL Universal Unicode Debug|Win32.ActiveCfg = Debug|Win32
		{C982F13C-B618-4C49-ACE5-303D83B8DED4}.DLL Universal Unicode Debug|Win32.Build.0 = Debug|Win32
		{C982F13C-B618-4C49-ACE5-303D83B8DED4}.DLL Universal Unicode Release|Win32.ActiveCfg = Release|Win32
		{C982F13C-B618-4C49-ACE5-303D83B8DED4}.DLL Universal Unicode Release|Win32.Build.0 = Release|Win32
		{C982F13C-B618-4C49-ACE5-303D83B8DED4}.Release|Win32.ActiveCfg = Release|Win32
		{C982F13C-B618-4C49-ACE5-303D83B8DED4}.Release|Win32.Build.0 = Release|Win32
		{C982F13C-B618-4C49-ACE5-303D83B8DED4}.Unicode Debug|Win32.ActiveCfg = Debug|Win32
		{C982F13C-B618-4C49-ACE5-303D83B8DED4}.Unicode Debug|Win32.Build.0 = Debug|Win32
		{C982F13C-B618-4C49-ACE5-303D83B8DED4}.Unicode Release|Win32.ActiveCfg = Release|Win32
		{C982F13C-B618-4C49-ACE5-303D83B8DED4}.Unicode Release|Win32.Build.0 = Release|Win32
		{C982F13C-B618-4C49-ACE5-303D83B8DED4}.Universal Debug|Win32.ActiveCfg = Debug|Win32
		{C982F13C-B618-4C49-ACE5-303D83B8DED4}.Universal Debug|Win32.Build.0 = Debug|Win32
		{C982F13C-B618-4C49-ACE5-303D83B8DED4}.Universal Release|Win32.ActiveCfg = Release|Win32
		{C982F13C-B618-4C49-ACE5-303D83B8DED4}.Universal Release|Win32.Build.0 = Release|Win32
		{C982F13C-B618-4C49-ACE5-303D83B8DED4}.Universal Unicode Debug|Win32.ActiveCfg = Debug|Win32
		{C982F13C-B618-4C49-ACE5-303D83B8DED4}.Universal Unicode Debug|Win32.Build.0 = Debug|Win32
		{C982F13C-B618-4C49-ACE5-303D83B8DED4}.Universal Unicode Release|Win32.ActiveCfg = Release|Win32
		{C982F13C-B618-4C49-ACE5-303D83B8DED4}.Universal Unicode Release|Win32.Build.0 = Release|Win32
		{F49F6D0F-FE0E-4C60-9203-46A66219F28B}.Debug|Win32.ActiveCfg = Debug|Win32
		{F49F6D0F-FE0E-4C60-9203-46A66219F28B}.Debug|Win32.Build.0 = Debug|Win32
		{F49F6D0F-FE0E-4C60-9203-46A66219F28B}.DLL Debug|Win32.ActiveCfg = Debug|Win32
		{F49F6D0F-FE0E-4C60-9203-46A66219F28B}.DLL Debug|Win32.Build.0 = Debug|Win32
		{F49F6D0F-FE0E-4C60-9203-46A66219F28B}.DLL Release|Win32.ActiveCfg = Release|Win32
		{F49F6D0F-FE0E-4C60-9203-46A66219F28B}.DLL Release|Win32.Build.0 = Release|Win32
		{F49F6D0F-FE0E-4C60-9203-46A66219F28B}.DLL Unicode Debug|Win32.ActiveCfg = Debug|Win32
		{F49F6D0F-FE0E-4C60-9203-46A66219F28B}.DLL Unicode Debug|Win32.Build.0 = Debug|Win32
		{F49F6D0F-FE0E-4C60-9203-46A66219F28B}.DLL Unicode Release|Win32.ActiveCfg = Release|Win32
		{F49F6D0F-FE0E-4C60-9203-46A66219F28B}.DLL Unicode Release|Win32.Build.0 = Release|Win32
		{F49F6D0F-FE0E-4C60-9203-46A66219F28B}.DLL Universal Debug|Win32.ActiveCfg = Debug|Win32
		{F49F6D0F-FE0E-4C60-9203-46A66219F28B}.DLL Universal Debug|Win32.Build.0 = Debug|Win32
		{F49F6D0F-FE0E-4C60-9203-46A66219F28B}.DLL Universal Release|Win32.ActiveCfg = Release|Win32
		{F49F6D0F-FE0E-4C60-9203-46A66219F28B}.DLL Universal Release|Win32.Build.0 = Release|Win32
		{F49F6D0F-FE0E-4C60-9203-46A66219F28B}.DLL Universal Unicode Debug|Win32.ActiveCfg = Debug|Win32
		{F49F6D0F-FE0E-4C60-9203-46A66219F28B}.DLL Universal Unicode Debug|Win32.Build.0 = Debug|Win32
		{F49F6D0F-FE0E-4C60-9203-46A66219F28B}.DLL Universal Unicode Release|Win32.ActiveCfg = Release|Win32
		{F49F6D0F-FE0E-4C60-9203-46A66219F28B}.DLL Universal Unicode Release|Win32.Build.0 = Release|Win32
		{F49F6D0F-FE0E-4C60-9203-46A66219F28B}.Release|Win32.ActiveCfg = Release|Win32
		{F49F6D0F-FE0E-4C60-9203-46A66219F28B}.Release|Win32.Build.0 = Release|Win32
		{F49F6D0F-FE0E-4C60-9203-46A66219F28B}.Unicode Debug|Win32.ActiveCfg = Debug|Win32
		{F49F6D0F-FE0E-4C60-9203-46A66219F28B}.Unicode Debug|Win32.Build.0 = Debug|Win32
		{F49F6D0F-FE0E-4C60-9203-46A66219F28B}.Unicode Release|Win32.ActiveCfg = Release|Win32
		{F49F6D0F-FE0E-4C60-9203-46A66219F28B}.Unicode Release|Win32.Build.0 = Release|Win32
		{F49F6D0F-FE0E-4C60-9203-46A66219F28B}.Universal Debug|Win32.ActiveCfg = Debug|Win32
		{F49F6D0F-FE0E-4C60-9203-46A66219F28B}.Universal Debug|Win32.Build.0 = Debug|Win32
		{F49F6D0F-FE0E-4C60-9203-46A66219F28B}.Universal Release|Win32.ActiveCfg = Release|Win32
		{F49F6D0F-FE0E-4C60-9203-46A66219F28B}.Universal Release|Win32.Build.0 = Release|Win32
		{F49F6D0F-FE0E-4C60-9203-46A66219F28B}.Universal Unicode Debug|Win32.ActiveCfg = Debug|Win32
		{F49F6D0F-FE0E-4C60-9203-46A66219F28B}.Universal Unicode Debug|Win32.Build.0 = Debug|Win32
		{F49F6D0F-FE0E-4C60-9203-46A66219F28B}.Universal Unicode Release|Win32.ActiveCfg = Release|Win32
		{F49F6D0F-FE0E-4C60-9203-46A66219F28B}.Universal Unicode Release|Win32.Build.0 = Release|Win32
		{B9AFAB64-6AF7-48E3-8C96-2273F8602FBF}.Debug|Win32.ActiveCfg = Debug|Win32
		{B9AFAB64-6AF7-48E3-8C96-2273F8602FBF}.Debug|Win32.Build.0 = Debug|Win32
		{B9AFAB64-6AF7-48E3-8C96-2273F8602FBF}.DLL Debug|Win32.ActiveCfg = Debug|Win32
		{B9AFAB64-6AF7-48E3-8C96-2273F8602FBF}.DLL Debug|Win32.Build.0 = Debug|Win32
		{B9AFAB64-6AF7-48E3-8C96-2273F8602FBF}.DLL Release|Win32.ActiveCfg = Release|Win32
		{B9AFAB64-6AF7-48E3-8C96-2273F8602FBF}.DLL Release|Win32.Build.0 = Release|Win32
		{B9AFAB64-6AF7-48E3-8C96-2273F8602FBF}.DLL Unicode Debug|Win32.ActiveCfg = Debug|Win32
		{B9AFAB64-6AF7-48E3-8C96-2273F8602FBF}.DLL Unicode Debug|Win32.Build.0 = Debug|Win32
		{B9AFAB64-6AF7-48E3-8C96-2273F8602FBF}.DLL Unicode Release|Win32.ActiveCfg = Release|Win32
		{B9AFAB64-6AF7-48E3-8C96-2273F8602FBF}.DLL Unicode Release|Win32.Build.0 = Release|Win32
		{B9AFAB64-6AF7-48E3-8C96-2273F8602FBF}.DLL Universal Debug|Win32.ActiveCfg = Debug|Win32
		{B9AFAB64-6AF7-48E3-8C96-2273F8602FBF}.DLL Universal Debug|Win32.Build.0 = Debug|Win32
		{B9AFAB64-6AF7-48E3-8C96-2273F8602FBF}.DLL Universal Release|Win32.ActiveCfg = Release|Win32
		{B9AFAB64-6AF7-48E3-8C96-2273F8602FBF}.DLL Universal Release|Win32.Build.0 = Release|Win32
		{B9AFAB64-6AF7-48E3-8C96-2273F8602FBF}.DLL Universal Unicode Debug|Win32.ActiveCfg = Debug|Win32
		{B9AFAB64-6AF7-48E3-8C96-2273F8602FBF}.DLL Universal Unicode Debug|Win32.Build.0 = Debug|Win32
		{B9AFAB64-6AF7-48E3-8C96-2273F8602FBF}.DLL Universal Unicode Release|Win32.ActiveCfg = Release|Win32
		{B9AFAB64-6AF7-48E3-8C96-2273F8602FBF}.DLL Universal Unicode Release|Win32.Build.0 = Release|Win32
		{B9AFAB64-6AF7-48E3-8C96-2273F8602FBF}.Release|Win32.ActiveCfg = Release|Win32
		{B9AFAB64-6AF7-48E3-8C96-2273F8602FBF}.Release|Win32.Build.0 = Release|Win32
		{B9AFAB64-6AF7-48E3-8C96-2273F8602FBF}.Unicode Debug|Win32.ActiveCfg = Debug|Win32
		{B9AFAB64-6AF7-48E3-8C96-2273F8602FBF}.Unicode Debug|Win32.Build.0 = Debug|Win32
		{B9AFAB64-6AF7-48E3-8C96-2273F8602FBF}.Unicode Release|Win32.ActiveCfg = Release|Win32
		{B9AFAB64-6AF7-48E3-8C96-2273F8602FBF}.Unicode Release|Win32.Build.0 = Release|Win32
		{B9AFAB64-6AF7-48E3-8C96-2273F8602FBF}.Universal Debug|Win32.ActiveCfg = Debug|Win32
		{B9AFAB64-6AF7-48E3-8C96-2273F8602FBF}.Universal Debug|Win32.Build.0 = Debug|Win32
		{B9AFAB64-6AF7-48E3-8C96-2273F8602FBF}.Universal Release|Win32.ActiveCfg = Release|Win32
		{B9AFAB64-6AF7-48E3-8C96-2273F8602FBF}.Universal Release|Win32.Build.0 = Release|Win32
		{B9AFAB64-6AF7-48E3-8C96-2273F8602FBF}.Universal Unicode Debug|Win32.ActiveCfg = Debug|Win32
		{B9AFAB64-6AF7-48E3-8C96-2273F8602FBF}.Universal Unicode Debug|Win32.Build.0 = Debug|Win32
		{B9AFAB64-6AF7-48E3-8C96-2273F8602FBF}.Universal Unicode Release|Win32.ActiveCfg = Release|Win32
		{B9AFAB64-6AF7-48E3-8C96-2273F8602FBF}.Universal Unicode Release|Win32.Build.0 = Release|Win32
		{B2D59580-8299-46AA-A1C3-E34B3EA483AA}.Debug|Win32.ActiveCfg = Debug|Win32
		{B2D59580-8299-46AA-A1C3-E34B3EA483AA}.Debug|Win32.Build.0 = Debug|Win32
		{B2D59580-8299-46AA-A1C3-E34B3EA483AA}.DLL Debug|Win32.ActiveCfg = Debug|Win32
		{B2D59580-8299-46AA-A1C3-E34B3EA483AA}.DLL Debug|Win32.Build.0 = Debug|Win32
		{B2D59580-8299-46AA-A1C3-E34B3EA483AA}.DLL Release|Win32.ActiveCfg = Release|Win32
		{B2D59580-8299-46AA-A1C3-E34B3EA483AA}.DLL Release|Win32.Build.0 = Release|Win32
		{B2D59580-8299-46AA-A1C3-E34B3EA483AA}.DLL Unicode Debug|Win32.ActiveCfg = Debug|Win32
		{B2D59580-8299-46AA-A1C3-E34B3EA483AA}.DLL Unicode Debug|Win32.Build.0 = Debug|Win32
		{B2D59580-8299-46AA-A1C3-E34B3EA483AA}.DLL Unicode Release|Win32.ActiveCfg = Release|Win32
		{B2D59580-8299-46AA-A1C3-E34B3EA483AA}.DLL Unicode Release|Win32.Build.0 = Release|Win32
		{B2D59580-8299-46AA-A1C3-E34B3EA483AA}.DLL Universal Debug|Win32.ActiveCfg = Debug|Win32
		{B2D59580-8299-46AA-A1C3-E34B3EA483AA}.DLL Universal Debug|Win32.Build.0 = Debug|Win32
		{B2D59580-8299-46AA-A1C3-E34B3EA483AA}.DLL Universal Release|Win32.ActiveCfg = Release|Win32
		{B2D59580-8299-46AA-A1C3-E34B3EA483AA}.DLL Universal Release|Win32.Build.0 = Release|Win32
		{B2D59580-8299-46AA-A1C3-E34B3EA483AA}.DLL Universal Unicode Debug|Win32.ActiveCfg = Debug|Win32
		{B2D59580-8299-46AA-A1C3-E34B3EA483AA}.DLL Universal Unicode Debug|Win32.Build.0 = Debug|Win32
		{B2D59580-8299-46AA-A1C3-E34B3EA483AA}.DLL Universal Unicode Release|Win32.ActiveCfg = Release|Win32
		{B2D59580-8299-46AA-A1C3-E34B3EA483AA}.DLL Universal Unicode Release|Win32.Build.0 = Release|Win32
		{B2D59580-8299-46AA-A1C3-E34B3EA483AA}.Release|Win32.ActiveCfg = Release|Win32
		{B2D59580-8299-46AA-A1C3-E34B3EA483AA}.Release|Win32.Build.0 = Release|Win32
		{B2D59580-8299-46AA-A1C3-E34B3EA483AA}.Unicode Debug|Win32.ActiveCfg = Debug|Win32
		{B2D59580-8299-46AA-A1C3-E34B3EA483AA}.Unicode Debug|Win32.Build.0 = Debug|Win32
		{B2D59580-8299-46AA-A1C3-E34B3EA483AA}.Unicode Release|Win32.ActiveCfg = Release|Win32
		{B2D59580-8299-46AA-A1C3-E34B3EA483AA}.Unicode Release|Win32.Build.0 = Release|Win32
		{B2D59580-8299-46AA-A1C3-E34B3EA483AA}.Universal Debug|Win32.ActiveCfg = Debug|Win32
		{B2D59580-8299-46AA-A1C3-E34B3EA483AA}.Universal Debug|Win32.Build.0 = Debug|Win32
		{B2D59580-8299-46AA-A1C3-E34B3EA483AA}.Universal Release|Win32.ActiveCfg = Release|Win32
		{B2D59580-8299-46AA-A1C3-E34B3EA483AA}.Universal Release|Win32.Build.0 = Release|Win32
		{B2D59580-8299-46AA-A1C3-E34B3EA483AA}.Universal Unicode Debug|Win32.ActiveCfg = Debug|Win32
		{B2D59580-8299-46AA-A1C3-E34B3EA483AA}.Universal Unicode Debug|Win32.Build.0 = Debug|Win32
		{B2D59580-8299-46AA-A1C3-E34B3EA483AA}.Universal Unicode Release|Win32.ActiveCfg = Release|Win32
		{B2D59580-8299-46AA-A1C3-E34B3EA483AA}.Universal Unicode Release|Win32.Build.0 = Release|Win32
		{9FD8A86B-99FA-4895-9408-37BFE940A3B8}.Debug|Win32.ActiveCfg = Debug|Win32
		{9FD8A86B-99FA-4895-9408-37BFE940A3B8}.Debug|Win32.Build.0 = Debug|Win32
		{9FD8A86B-99FA-4895-9408-37BFE940A3B8}.DLL Debug|Win32.ActiveCfg = Debug|Win32
		{9FD8A86B-99FA-4895-9408-37BFE940A3B8}.DLL Debug|Win32.Build.0 = Debug|Win32
		{9FD8A86B-99FA-4895-9408-37BFE940A3B8}.DLL Release|Win32.ActiveCfg = Release|Win32
		{9FD8A86B-99FA-4895-9408-37BFE940A3B8}.DLL Release|Win32.Build.0 = Release|Win32
		{9FD8A86B-99FA-4895-9408-37BFE940A3B8}.DLL Unicode Debug|Win32.ActiveCfg = Debug|Win32
		{9FD8A86B-99FA-4895-9408-37BFE940A3B8}.DLL Unicode Debug|Win32.Build.0 = Debug|Win32
		{9FD8A86B-99FA-4895-9408-37BFE940A3B8}.DLL Unicode Release|Win32.ActiveCfg = Release|Win32
		{9FD8A86B-99FA-4895-9408-37BFE940A3B8}.DLL Unicode Release|Win32.Build.0 = Release|Win32
		{9FD8A86B-99FA-4895-9408-37BFE940A3B8}.DLL Universal Debug|Win32.ActiveCfg = Debug|Win32
		{9FD8A86B-99FA-4895-9408-37BFE940A3B8}.DLL Universal Debug|Win32.Build.0 = Debug|Win32
		{9FD8A86B-99FA-4895-9408-37BFE940A3B8}.DLL Universal Release|Win32.ActiveCfg = Release|Win32
		{9FD8A86B-99FA-4895-9408-37BFE940A3B8}.DLL Universal Release|Win32.Build.0 = Release|Win32
		{9FD8A86B-99FA-4895-9408-37BFE940A3B8}.DLL Universal Unicode Debug|Win32.ActiveCfg = Debug|Win32
		{9FD8A86B-99FA-4895-9408-37BFE940A3B8}.DLL Universal Unicode Debug|Win32.Build.0 = Debug|Win32
		{9FD8A86B-99FA-4895-9408-37BFE940A3B8}.DLL Universal Unicode Release|Win32.ActiveCfg = Release|Win32
		{9FD8A86B-99FA-4895-9408-37BFE940A3B8}.DLL Universal Unicode Release|Win32.Build.0 = Release|Win32
		{9FD8A86B-99FA-4895-9408-37BFE940A3B8}.Release|Win32.ActiveCfg = Release|Win32
		{9FD8A86B-99FA-4895-9408-37BFE940A3B8}.Release|Win32.Build.0 = Release|Win32
		{9FD8A86B-99FA-4895-9408-37BFE940A3B8}.Unicode Debug|Win32.ActiveCfg = Debug|Win32
		{9FD8A86B-99FA-4895-9408-37BFE940A3B8}.Unicode Debug|Win32.Build.0 = Debug|Win32
		{9FD8A86B-99FA-4895-9408-37BFE940A3B8}.Unicode Release|Win32.ActiveCfg = Release|Win32
		{9FD8A86B-99FA-4895-9408-37BFE940A3B8}.Unicode Release|Win32.Build.0 = Release|Win32
		{9FD8A86B-99FA-4895-9408-37BFE940A3B8}.Universal Debug|Win32.ActiveCfg = Debug|Win32
		{9FD8A86B-99FA-4895-9408-37BFE940A3B8}.Universal Debug|Win32.Build.0 = Debug|Win32
		{9FD8A86B-99FA-4895-9408-37BFE940A3B8}.Universal Release|Win32.ActiveCfg = Release|Win32
		{9FD8A86B-99FA-4895-9408-37BFE940A3B8}.Universal Release|Win32.Build.0 = Release|Win32
		{9FD8A86B-99FA-4895-9408-37BFE940A3B8}.Universal Unicode Debug|Win32.ActiveCfg = Debug|Win32
		{9FD8A86B-99FA-4895-9408-37BFE940A3B8}.Universal Unicode Debug|Win32.Build.0 = Debug|Win32
		{9FD8A86B-99FA-4895-9408-37BFE940A3B8}.Universal Unicode Release|Win32.ActiveCfg = Release|Win32
		{9FD8A86B-99FA-4895-9408-37BFE940A3B8}.Universal Unicode Release|Win32.Build.0 = Release|Win32
		{2A4496E5-ED62-4A46-A17F-200E61B09977}.Debug|Win32.ActiveCfg = Debug|Win32
		{2A4496E5-ED62-4A46-A17F-200E61B09977}.Debug|Win32.Build.0 = Debug|Win32
		{2A4496E5-ED62-4A46-A17F-200E61B09977}.DLL Debug|Win32.ActiveCfg = Debug|Win32
		{2A4496E5-ED62-4A46-A17F-200E61B09977}.DLL Debug|Win32.Build.0 = Debug|Win32
		{2A4496E5-ED62-4A46-A17F-200E61B09977}.DLL Release|Win32.ActiveCfg = Release|Win32
		{2A4496E5-ED62-4A46-A17F-200E61B09977}.DLL Release|Win32.Build.0 = Release|Win32
		{2A4496E5-ED62-4A46-A17F-200E61B09977}.DLL Unicode Debug|Win32.ActiveCfg = Debug|Win32
		{2A4496E5-ED62-4A46-A17F-200E61B09977}.DLL Unicode Debug|Win32.Build.0 = Debug|Win32
		{2A4496E5-ED62-4A46-A17F-200E61B09977}.DLL Unicode Release|Win32.ActiveCfg = Release|Win32
		{2A4496E5-ED62-4A46-A17F-200E61B09977}.DLL Unicode Release|Win32.Build.0 = Release|Win32
		{2A4496E5-ED62-4A46-A17F-200E61B09977}.DLL Universal Debug|Win32.ActiveCfg = Debug|Win32
		{2A4496E5-ED62-4A46-A17F-200E61B09977}.DLL Universal Debug|Win32.Build.0 = Debug|Win32
		{2A4496E5-ED62-4A46-A17F-200E61B09977}.DLL Universal Release|Win32.ActiveCfg = Release|Win32
		{2A4496E5-ED62-4A46-A17F-200E61B09977}.DLL Universal Release|Win32.Build.0 = Release|Win32
		{2A4496E5-ED62-4A46-A17F-200E61B09977}.DLL Universal Unicode Debug|Win32.ActiveCfg = Debug|Win32
		{2A4496E5-ED62-4A46-A17F-200E61B09977}.DLL Universal Unicode Debug|Win32.Build.0 = Debug|Win32
		{2A4496E5-ED62-4A46-A17F-200E61B09977}.DLL Universal Unicode Release|Win32.ActiveCfg = Release|Win32
		{2A4496E5-ED62-4A46-A17F-200E61B09977}.DLL Universal Unicode Release|Win32.Build.0 = Release|Win32
		{2A4496E5-ED62-4A46-A17F-200E61B09977}.Release|Win32.ActiveCfg = Release|Win32
		{2A4496E5-ED62-4A46-A17F-200E61B09977}.Release|Win32.Build.0 = Release|Win32
		{2A4496E5-ED62-4A46-A17F-200E61B09977}.Unicode Debug|Win32.ActiveCfg = Debug|Win32
		{2A4496E5-ED62-4A46-A17F-200E61B09977}.Unicode Debug|Win32.Build.0 = Debug|Win32
		{2A4496E5-ED62-4A46-A17F-200E61B09977}.Unicode Release|Win32.ActiveCfg = Release|Win32
		{2A4496E5-ED62-4A46-A17F-200E61B09977}.Unicode Release|Win32.Build.0 = Release|Win32
		{2A4496E5-ED62-4A46-A17F-200E61B09977}.Universal Debug|Win32.ActiveCfg = Debug|Win32
		{2A4496E5-ED62-4A46-A17F-200E61B09977}.Universal Debug|Win32.Build.0 = Debug|Win32
		{2A4496E5-ED62-4A46-A17F-200E61B09977}.Universal Release|Win32.ActiveCfg = Release|Win32
		{2A4496E5-ED62-4A46-A17F-200E61B09977}.Universal Release|Win32.Build.0 = Release|Win32
		{2A4496E5-ED62-4A46-A17F-200E61B09977}.Universal Unicode Debug|Win32.ActiveCfg = Debug|Win32
		{2A4496E5-ED62-4A46-A17F-200E61B09977}.Universal Unicode Debug|Win32.Build.0 = Debug|Win32
		{2A4496E5-ED62-4A46-A17F-200E61B09977}.Universal Unicode Release|Win32.ActiveCfg = Release|Win32
		{2A4496E5-ED62-4A46-A17F-200E61B09977}.Universal Unicode Release|Win32.Build.0 = Release|Win32
		{E18C2D37-239B-406B-B2B7-6A1F6435F512}.Debug|Win32.ActiveCfg = Debug|Win32
		{E18C2D37-239B-406B-B2B7-6A1F6435F512}.Debug|Win32.Build.0 = Debug|Win32
		{E18C2D37-239B-406B-B2B7-6A1F6435F512}.DLL Debug|Win32.ActiveCfg = DLL Debug|Win32
		{E18C2D37-239B-406B-B2B7-6A1F6435F512}.DLL Debug|Win32.Build.0 = DLL Debug|Win32
		{E18C2D37-239B-406B-B2B7-6A1F6435F512}.DLL Release|Win32.ActiveCfg = DLL Release|Win32
		{E18C2D37-239B-406B-B2B7-6A1F6435F512}.DLL Release|Win32.Build.0 = DLL Release|Win32
		{E18C2D37-239B-406B-B2B7-6A1F6435F512}.DLL Unicode Debug|Win32.ActiveCfg = DLL Unicode Debug|Win32
		{E18C2D37-239B-406B-B2B7-6A1F6435F512}.DLL Unicode Debug|Win32.Build.0 = DLL Unicode Debug|Win32
		{E18C2D37-239B-406B-B2B7-6A1F6435F512}.DLL Unicode Release|Win32.ActiveCfg = DLL Unicode Release|Win32
		{E18C2D37-239B-406B-B2B7-6A1F6435F512}.DLL Unicode Release|Win32.Build.0 = DLL Unicode Release|Win32
		{E18C2D37-239B-406B-B2B7-6A1F6435F512}.DLL Universal Debug|Win32.ActiveCfg = DLL Universal Debug|Win32
		{E18C2D37-239B-406B-B2B7-6A1F6435F512}.DLL Universal Debug|Win32.Build.0 = DLL Universal Debug|Win32
		{E18C2D37-239B-406B-B2B7-6A1F6435F512}.DLL Universal Release|Win32.ActiveCfg = DLL Universal Release|Win32
		{E18C2D37-239B-406B-B2B7-6A1F6435F512}.DLL Universal Release|Win32.Build.0 = DLL Universal Release|Win32
		{E18C2D37-239B-406B-B2B7-6A1F6435F512}.DLL Universal Unicode Debug|Win32.ActiveCfg = DLL Universal Unicode Debug|Win32
		{E18C2D37-239B-406B-B2B7-6A1F6435F512}.DLL Universal Unicode Debug|Win32.Build.0 = DLL Universal Unicode Debug|Win32
		{E18C2D37-239B-406B-B2B7-6A1F6435F512}.DLL Universal Unicode Release|Win32.ActiveCfg = DLL Universal Unicode Release|Win32
		{E18C2D37-239B-406B-B2B7-6A1F6435F512}.DLL Universal Unicode Release|Win32.Build.0 = DLL Universal Unicode Release|Win32
		{E18C2D37-239B-406B-B2B7-6A1F6435F512}.Release|Win32.ActiveCfg = Release|Win32
		{E18C2D37-239B-406B-B2B7-6A1F6435F512}.Release|Win32.Build.0 = Release|Win32
		{E18C2D37-239B-406B-B2B7-6A1F6435F512}.Unicode Debug|Win32.ActiveCfg = Unicode Debug|Win32
		{E18C2D37-239B-406B-B2B7-6A1F6435F512}.Unicode Debug|Win32.Build.0 = Unicode Debug|Win32
		{E18C2D37-239B-406B-B2B7-6A1F6435F512}.Unicode Release|Win32.ActiveCfg = Unicode Release|Win32
		{E18C2D37-239B-406B-B2B7-6A1F6435F512}.Unicode Release|Win32.Build.0 = Unicode Release|Win32
		{E18C2D37-239B-406B-B2B7-6A1F6435F512}.Universal Debug|Win32.ActiveCfg = Universal Debug|Win32
		{E18C2D37-239B-406B-B2B7-6A1F6435F512}.Universal Debug|Win32.Build.0 = Universal Debug|Win32
		{E18C2D37-239B-406B-B2B7-6A1F6435F512}.Universal Release|Win32.ActiveCfg = Universal Release|Win32
		{E18C2D37-239B-406B-B2B7-6A1F6435F512}.Universal Release|Win32.Build.0 = Universal Release|Win32
		{E18C2D37-239B-406B-B2B7-6A1F6435F512}.Universal Unicode Debug|Win32.ActiveCfg = Universal Unicode Debug|Win32
		{E18C2D37-239B-406B-B2B7-6A1F6435F512}.Universal Unicode Debug|Win32.Build.0 = Universal Unicode Debug|Win32
		{E18C2D37-239B-406B-B2B7-6A1F6435F512}.Universal Unicode Release|Win32.ActiveCfg = Universal Unicode Release|Win32
		{E18C2D37-239B-406B-B2B7-6A1F6435F512}.Universal Unicode Release|Win32.Build.0 = Universal Unicode Release|Win32
	EndGlobalSection
	GlobalSection(SolutionProperties) = preSolution
		HideSolutionNode = FALSE
	EndGlobalSection
EndGlobal
